
Microsoft Visual Studio Solution File, Format Version 12.00
# Visual Studio Version 17
VisualStudioVersion = 17.0.31912.275
MinimumVisualStudioVersion = 10.0.40219.1
Project("{8BC9CEB8-8B4A-11D0-8D11-00A0C91BC942}") = "task5", "task5.vcxproj", "{7474D5FB-2C12-4B60-AC42-3F4A22E07BA0}"
EndProject
Global
	GlobalSection(SolutionConfigurationPlatforms) = preSolution
		Debug|x64 = Debug|x64
		Release|x64 = Release|x64
	EndGlobalSection
	GlobalSection(ProjectConfigurationPlatforms) = postSolution
		{7474D5FB-2C12-4B60-AC42-3F4A22E07BA0}.Debug|x64.ActiveCfg = Debug|x64
		{7474D5FB-2C12-4B60-AC42-3F4A22E07BA0}.Debug|x64.Build.0 = Debug|x64
		{7474D5FB-2C12-4B60-AC42-3F4A22E07BA0}.Release|x64.ActiveCfg = Release|x64
		{7474D5FB-2C12-4B60-AC42-3F4A22E07BA0}.Release|x64.Build.0 = Release|x64
	EndGlobalSection
	GlobalSection(SolutionProperties) = preSolution
		HideSolutionNode = FALSE
	EndGlobalSection
	GlobalSection(ExtensibilityGlobals) = postSolution
		SolutionGuid = {43FB07E1-1438-4161-993E-A098C04D1075}
	EndGlobalSection
EndGlobal
